
Microsoft Visual Studio Solution File, Format Version 12.00
# Visual Studio Version 17
VisualStudioVersion = 17.6.33712.159
MinimumVisualStudioVersion = 10.0.40219.1
Project("{FAE04EC0-301F-11D3-BF4B-00C04F79EFBC}") = "Gifter", "Gifter\Gifter.csproj", "{CFA1E69C-EE07-47A3-9DF5-7E2877874F23}"
EndProject
Global
	GlobalSection(SolutionConfigurationPlatforms) = preSolution
		Debug|Any CPU = Debug|Any CPU
		Release|Any CPU = Release|Any CPU
	EndGlobalSection
	GlobalSection(ProjectConfigurationPlatforms) = postSolution
		{CFA1E69C-EE07-47A3-9DF5-7E2877874F23}.Debug|Any CPU.ActiveCfg = Debug|Any CPU
		{CFA1E69C-EE07-47A3-9DF5-7E2877874F23}.Debug|Any CPU.Build.0 = Debug|Any CPU
		{CFA1E69C-EE07-47A3-9DF5-7E2877874F23}.Release|Any CPU.ActiveCfg = Release|Any CPU
		{CFA1E69C-EE07-47A3-9DF5-7E2877874F23}.Release|Any CPU.Build.0 = Release|Any CPU
	EndGlobalSection
	GlobalSection(SolutionProperties) = preSolution
		HideSolutionNode = FALSE
	EndGlobalSection
	GlobalSection(ExtensibilityGlobals) = postSolution
		SolutionGuid = {F1DC9E90-C811-4E4E-9B3F-2B15E72490AD}
	EndGlobalSection
EndGlobal
